
Microsoft Visual Studio Solution File, Format Version 12.00
# Visual Studio 15
VisualStudioVersion = 15.0.26228.12
MinimumVisualStudioVersion = 10.0.40219.1
Project("{2150E333-8FDC-42A3-9474-1A3956D46DE8}") = "Tests", "Tests", "{5424513A-93F8-4E86-9E94-40B818382D64}"
EndProject
Project("{FAE04EC0-301F-11D3-BF4B-00C04F79EFBC}") = "DoLess.Localization.Tests", "DoLess.Localization.Tests\DoLess.Localization.Tests.csproj", "{9EDD4ADD-1711-48A3-8DAC-1EF5E5799F05}"
EndProject
Project("{FAE04EC0-301F-11D3-BF4B-00C04F79EFBC}") = "DoLess.Localization", "DoLess.Localization\DoLess.Localization.csproj", "{8E004689-2F13-4AC4-A2D9-03C0BEB57973}"
EndProject
Project("{2150E333-8FDC-42A3-9474-1A3956D46DE8}") = "Samples", "Samples", "{69F26EC0-9598-4871-9327-94B16A8AC4DD}"
EndProject
Project("{FAE04EC0-301F-11D3-BF4B-00C04F79EFBC}") = "DoLess.Localization.Sample.Strings", "DoLess.Localization.Sample.Strings\DoLess.Localization.Sample.Strings.csproj", "{907DD288-B0E2-4B7D-95C9-E23695B285BA}"
EndProject
Project("{FAE04EC0-301F-11D3-BF4B-00C04F79EFBC}") = "DoLess.Localization.Sample.iOS", "DoLess.Localization.Sample.iOS\DoLess.Localization.Sample.iOS.csproj", "{F589CE52-5B4A-4AC0-BDF5-B5549C38A00D}"
EndProject
Project("{FAE04EC0-301F-11D3-BF4B-00C04F79EFBC}") = "DoLess.Localization.Sample.Droid", "DoLess.Localization.Sample.Droid\DoLess.Localization.Sample.Droid.csproj", "{0ECCF105-6A39-4067-8BFF-CBA718BB9957}"
EndProject
Global
	GlobalSection(SolutionConfigurationPlatforms) = preSolution
		Ad-Hoc|Any CPU = Ad-Hoc|Any CPU
		Ad-Hoc|iPhone = Ad-Hoc|iPhone
		Ad-Hoc|iPhoneSimulator = Ad-Hoc|iPhoneSimulator
		AppStore|Any CPU = AppStore|Any CPU
		AppStore|iPhone = AppStore|iPhone
		AppStore|iPhoneSimulator = AppStore|iPhoneSimulator
		Debug|Any CPU = Debug|Any CPU
		Debug|iPhone = Debug|iPhone
		Debug|iPhoneSimulator = Debug|iPhoneSimulator
		Release|Any CPU = Release|Any CPU
		Release|iPhone = Release|iPhone
		Release|iPhoneSimulator = Release|iPhoneSimulator
	EndGlobalSection
	GlobalSection(ProjectConfigurationPlatforms) = postSolution
		{9EDD4ADD-1711-48A3-8DAC-1EF5E5799F05}.Ad-Hoc|Any CPU.ActiveCfg = Release|Any CPU
		{9EDD4ADD-1711-48A3-8DAC-1EF5E5799F05}.Ad-Hoc|Any CPU.Build.0 = Release|Any CPU
		{9EDD4ADD-1711-48A3-8DAC-1EF5E5799F05}.Ad-Hoc|iPhone.ActiveCfg = Release|Any CPU
		{9EDD4ADD-1711-48A3-8DAC-1EF5E5799F05}.Ad-Hoc|iPhone.Build.0 = Release|Any CPU
		{9EDD4ADD-1711-48A3-8DAC-1EF5E5799F05}.Ad-Hoc|iPhoneSimulator.ActiveCfg = Release|Any CPU
		{9EDD4ADD-1711-48A3-8DAC-1EF5E5799F05}.Ad-Hoc|iPhoneSimulator.Build.0 = Release|Any CPU
		{9EDD4ADD-1711-48A3-8DAC-1EF5E5799F05}.AppStore|Any CPU.ActiveCfg = Release|Any CPU
		{9EDD4ADD-1711-48A3-8DAC-1EF5E5799F05}.AppStore|Any CPU.Build.0 = Release|Any CPU
		{9EDD4ADD-1711-48A3-8DAC-1EF5E5799F05}.AppStore|iPhone.ActiveCfg = Release|Any CPU
		{9EDD4ADD-1711-48A3-8DAC-1EF5E5799F05}.AppStore|iPhone.Build.0 = Release|Any CPU
		{9EDD4ADD-1711-48A3-8DAC-1EF5E5799F05}.AppStore|iPhoneSimulator.ActiveCfg = Release|Any CPU
		{9EDD4ADD-1711-48A3-8DAC-1EF5E5799F05}.AppStore|iPhoneSimulator.Build.0 = Release|Any CPU
		{9EDD4ADD-1711-48A3-8DAC-1EF5E5799F05}.Debug|Any CPU.ActiveCfg = Debug|Any CPU
		{9EDD4ADD-1711-48A3-8DAC-1EF5E5799F05}.Debug|Any CPU.Build.0 = Debug|Any CPU
		{9EDD4ADD-1711-48A3-8DAC-1EF5E5799F05}.Debug|iPhone.ActiveCfg = Debug|Any CPU
		{9EDD4ADD-1711-48A3-8DAC-1EF5E5799F05}.Debug|iPhone.Build.0 = Debug|Any CPU
		{9EDD4ADD-1711-48A3-8DAC-1EF5E5799F05}.Debug|iPhoneSimulator.ActiveCfg = Debug|Any CPU
		{9EDD4ADD-1711-48A3-8DAC-1EF5E5799F05}.Debug|iPhoneSimulator.Build.0 = Debug|Any CPU
		{9EDD4ADD-1711-48A3-8DAC-1EF5E5799F05}.Release|Any CPU.ActiveCfg = Release|Any CPU
		{9EDD4ADD-1711-48A3-8DAC-1EF5E5799F05}.Release|Any CPU.Build.0 = Release|Any CPU
		{9EDD4ADD-1711-48A3-8DAC-1EF5E5799F05}.Release|iPhone.ActiveCfg = Release|Any CPU
		{9EDD4ADD-1711-48A3-8DAC-1EF5E5799F05}.Release|iPhone.Build.0 = Release|Any CPU
		{9EDD4ADD-1711-48A3-8DAC-1EF5E5799F05}.Release|iPhoneSimulator.ActiveCfg = Release|Any CPU
		{9EDD4ADD-1711-48A3-8DAC-1EF5E5799F05}.Release|iPhoneSimulator.Build.0 = Release|Any CPU
		{8E004689-2F13-4AC4-A2D9-03C0BEB57973}.Ad-Hoc|Any CPU.ActiveCfg = Release|Any CPU
		{8E004689-2F13-4AC4-A2D9-03C0BEB57973}.Ad-Hoc|Any CPU.Build.0 = Release|Any CPU
		{8E004689-2F13-4AC4-A2D9-03C0BEB57973}.Ad-Hoc|iPhone.ActiveCfg = Release|Any CPU
		{8E004689-2F13-4AC4-A2D9-03C0BEB57973}.Ad-Hoc|iPhone.Build.0 = Release|Any CPU
		{8E004689-2F13-4AC4-A2D9-03C0BEB57973}.Ad-Hoc|iPhoneSimulator.ActiveCfg = Release|Any CPU
		{8E004689-2F13-4AC4-A2D9-03C0BEB57973}.Ad-Hoc|iPhoneSimulator.Build.0 = Release|Any CPU
		{8E004689-2F13-4AC4-A2D9-03C0BEB57973}.AppStore|Any CPU.ActiveCfg = Release|Any CPU
		{8E004689-2F13-4AC4-A2D9-03C0BEB57973}.AppStore|Any CPU.Build.0 = Release|Any CPU
		{8E004689-2F13-4AC4-A2D9-03C0BEB57973}.AppStore|iPhone.ActiveCfg = Release|Any CPU
		{8E004689-2F13-4AC4-A2D9-03C0BEB57973}.AppStore|iPhone.Build.0 = Release|Any CPU
		{8E004689-2F13-4AC4-A2D9-03C0BEB57973}.AppStore|iPhoneSimulator.ActiveCfg = Release|Any CPU
		{8E004689-2F13-4AC4-A2D9-03C0BEB57973}.AppStore|iPhoneSimulator.Build.0 = Release|Any CPU
		{8E004689-2F13-4AC4-A2D9-03C0BEB57973}.Debug|Any CPU.ActiveCfg = Debug|Any CPU
		{8E004689-2F13-4AC4-A2D9-03C0BEB57973}.Debug|Any CPU.Build.0 = Debug|Any CPU
		{8E004689-2F13-4AC4-A2D9-03C0BEB57973}.Debug|iPhone.ActiveCfg = Debug|Any CPU
		{8E004689-2F13-4AC4-A2D9-03C0BEB57973}.Debug|iPhone.Build.0 = Debug|Any CPU
		{8E004689-2F13-4AC4-A2D9-03C0BEB57973}.Debug|iPhoneSimulator.ActiveCfg = Debug|Any CPU
		{8E004689-2F13-4AC4-A2D9-03C0BEB57973}.Debug|iPhoneSimulator.Build.0 = Debug|Any CPU
		{8E004689-2F13-4AC4-A2D9-03C0BEB57973}.Release|Any CPU.ActiveCfg = Release|Any CPU
		{8E004689-2F13-4AC4-A2D9-03C0BEB57973}.Release|Any CPU.Build.0 = Release|Any CPU
		{8E004689-2F13-4AC4-A2D9-03C0BEB57973}.Release|iPhone.ActiveCfg = Release|Any CPU
		{8E004689-2F13-4AC4-A2D9-03C0BEB57973}.Release|iPhone.Build.0 = Release|Any CPU
		{8E004689-2F13-4AC4-A2D9-03C0BEB57973}.Release|iPhoneSimulator.ActiveCfg = Release|Any CPU
		{8E004689-2F13-4AC4-A2D9-03C0BEB57973}.Release|iPhoneSimulator.Build.0 = Release|Any CPU
		{907DD288-B0E2-4B7D-95C9-E23695B285BA}.Ad-Hoc|Any CPU.ActiveCfg = Release|Any CPU
		{907DD288-B0E2-4B7D-95C9-E23695B285BA}.Ad-Hoc|Any CPU.Build.0 = Release|Any CPU
		{907DD288-B0E2-4B7D-95C9-E23695B285BA}.Ad-Hoc|iPhone.ActiveCfg = Release|Any CPU
		{907DD288-B0E2-4B7D-95C9-E23695B285BA}.Ad-Hoc|iPhone.Build.0 = Release|Any CPU
		{907DD288-B0E2-4B7D-95C9-E23695B285BA}.Ad-Hoc|iPhoneSimulator.ActiveCfg = Release|Any CPU
		{907DD288-B0E2-4B7D-95C9-E23695B285BA}.Ad-Hoc|iPhoneSimulator.Build.0 = Release|Any CPU
		{907DD288-B0E2-4B7D-95C9-E23695B285BA}.AppStore|Any CPU.ActiveCfg = Release|Any CPU
		{907DD288-B0E2-4B7D-95C9-E23695B285BA}.AppStore|Any CPU.Build.0 = Release|Any CPU
		{907DD288-B0E2-4B7D-95C9-E23695B285BA}.AppStore|iPhone.ActiveCfg = Release|Any CPU
		{907DD288-B0E2-4B7D-95C9-E23695B285BA}.AppStore|iPhone.Build.0 = Release|Any CPU
		{907DD288-B0E2-4B7D-95C9-E23695B285BA}.AppStore|iPhoneSimulator.ActiveCfg = Release|Any CPU
		{907DD288-B0E2-4B7D-95C9-E23695B285BA}.AppStore|iPhoneSimulator.Build.0 = Release|Any CPU
		{907DD288-B0E2-4B7D-95C9-E23695B285BA}.Debug|Any CPU.ActiveCfg = Debug|Any CPU
		{907DD288-B0E2-4B7D-95C9-E23695B285BA}.Debug|Any CPU.Build.0 = Debug|Any CPU
		{907DD288-B0E2-4B7D-95C9-E23695B285BA}.Debug|iPhone.ActiveCfg = Debug|Any CPU
		{907DD288-B0E2-4B7D-95C9-E23695B285BA}.Debug|iPhone.Build.0 = Debug|Any CPU
		{907DD288-B0E2-4B7D-95C9-E23695B285BA}.Debug|iPhoneSimulator.ActiveCfg = Debug|Any CPU
		{907DD288-B0E2-4B7D-95C9-E23695B285BA}.Debug|iPhoneSimulator.Build.0 = Debug|Any CPU
		{907DD288-B0E2-4B7D-95C9-E23695B285BA}.Release|Any CPU.ActiveCfg = Release|Any CPU
		{907DD288-B0E2-4B7D-95C9-E23695B285BA}.Release|Any CPU.Build.0 = Release|Any CPU
		{907DD288-B0E2-4B7D-95C9-E23695B285BA}.Release|iPhone.ActiveCfg = Release|Any CPU
		{907DD288-B0E2-4B7D-95C9-E23695B285BA}.Release|iPhone.Build.0 = Release|Any CPU
		{907DD288-B0E2-4B7D-95C9-E23695B285BA}.Release|iPhoneSimulator.ActiveCfg = Release|Any CPU
		{907DD288-B0E2-4B7D-95C9-E23695B285BA}.Release|iPhoneSimulator.Build.0 = Release|Any CPU
		{F589CE52-5B4A-4AC0-BDF5-B5549C38A00D}.Ad-Hoc|Any CPU.ActiveCfg = Ad-Hoc|iPhone
		{F589CE52-5B4A-4AC0-BDF5-B5549C38A00D}.Ad-Hoc|iPhone.ActiveCfg = Ad-Hoc|iPhone
		{F589CE52-5B4A-4AC0-BDF5-B5549C38A00D}.Ad-Hoc|iPhone.Build.0 = Ad-Hoc|iPhone
		{F589CE52-5B4A-4AC0-BDF5-B5549C38A00D}.Ad-Hoc|iPhoneSimulator.ActiveCfg = Ad-Hoc|iPhoneSimulator
		{F589CE52-5B4A-4AC0-BDF5-B5549C38A00D}.Ad-Hoc|iPhoneSimulator.Build.0 = Ad-Hoc|iPhoneSimulator
		{F589CE52-5B4A-4AC0-BDF5-B5549C38A00D}.AppStore|Any CPU.ActiveCfg = AppStore|iPhone
		{F589CE52-5B4A-4AC0-BDF5-B5549C38A00D}.AppStore|iPhone.ActiveCfg = AppStore|iPhone
		{F589CE52-5B4A-4AC0-BDF5-B5549C38A00D}.AppStore|iPhone.Build.0 = AppStore|iPhone
		{F589CE52-5B4A-4AC0-BDF5-B5549C38A00D}.AppStore|iPhoneSimulator.ActiveCfg = AppStore|iPhoneSimulator
		{F589CE52-5B4A-4AC0-BDF5-B5549C38A00D}.AppStore|iPhoneSimulator.Build.0 = AppStore|iPhoneSimulator
		{F589CE52-5B4A-4AC0-BDF5-B5549C38A00D}.Debug|Any CPU.ActiveCfg = Debug|iPhone
		{F589CE52-5B4A-4AC0-BDF5-B5549C38A00D}.Debug|iPhone.ActiveCfg = Debug|iPhone
		{F589CE52-5B4A-4AC0-BDF5-B5549C38A00D}.Debug|iPhone.Build.0 = Debug|iPhone
		{F589CE52-5B4A-4AC0-BDF5-B5549C38A00D}.Debug|iPhoneSimulator.ActiveCfg = Debug|iPhoneSimulator
		{F589CE52-5B4A-4AC0-BDF5-B5549C38A00D}.Debug|iPhoneSimulator.Build.0 = Debug|iPhoneSimulator
		{F589CE52-5B4A-4AC0-BDF5-B5549C38A00D}.Release|Any CPU.ActiveCfg = Release|iPhone
		{F589CE52-5B4A-4AC0-BDF5-B5549C38A00D}.Release|iPhone.ActiveCfg = Release|iPhone
		{F589CE52-5B4A-4AC0-BDF5-B5549C38A00D}.Release|iPhone.Build.0 = Release|iPhone
		{F589CE52-5B4A-4AC0-BDF5-B5549C38A00D}.Release|iPhoneSimulator.ActiveCfg = Release|iPhoneSimulator
		{F589CE52-5B4A-4AC0-BDF5-B5549C38A00D}.Release|iPhoneSimulator.Build.0 = Release|iPhoneSimulator
		{0ECCF105-6A39-4067-8BFF-CBA718BB9957}.Ad-Hoc|Any CPU.ActiveCfg = Release|Any CPU
		{0ECCF105-6A39-4067-8BFF-CBA718BB9957}.Ad-Hoc|Any CPU.Build.0 = Release|Any CPU
		{0ECCF105-6A39-4067-8BFF-CBA718BB9957}.Ad-Hoc|Any CPU.Deploy.0 = Release|Any CPU
		{0ECCF105-6A39-4067-8BFF-CBA718BB9957}.Ad-Hoc|iPhone.ActiveCfg = Release|Any CPU
		{0ECCF105-6A39-4067-8BFF-CBA718BB9957}.Ad-Hoc|iPhone.Build.0 = Release|Any CPU
		{0ECCF105-6A39-4067-8BFF-CBA718BB9957}.Ad-Hoc|iPhone.Deploy.0 = Release|Any CPU
		{0ECCF105-6A39-4067-8BFF-CBA718BB9957}.Ad-Hoc|iPhoneSimulator.ActiveCfg = Release|Any CPU
		{0ECCF105-6A39-4067-8BFF-CBA718BB9957}.Ad-Hoc|iPhoneSimulator.Build.0 = Release|Any CPU
		{0ECCF105-6A39-4067-8BFF-CBA718BB9957}.Ad-Hoc|iPhoneSimulator.Deploy.0 = Release|Any CPU
		{0ECCF105-6A39-4067-8BFF-CBA718BB9957}.AppStore|Any CPU.ActiveCfg = Release|Any CPU
		{0ECCF105-6A39-4067-8BFF-CBA718BB9957}.AppStore|Any CPU.Build.0 = Release|Any CPU
		{0ECCF105-6A39-4067-8BFF-CBA718BB9957}.AppStore|Any CPU.Deploy.0 = Release|Any CPU
		{0ECCF105-6A39-4067-8BFF-CBA718BB9957}.AppStore|iPhone.ActiveCfg = Release|Any CPU
		{0ECCF105-6A39-4067-8BFF-CBA718BB9957}.AppStore|iPhone.Build.0 = Release|Any CPU
		{0ECCF105-6A39-4067-8BFF-CBA718BB9957}.AppStore|iPhone.Deploy.0 = Release|Any CPU
		{0ECCF105-6A39-4067-8BFF-CBA718BB9957}.AppStore|iPhoneSimulator.ActiveCfg = Release|Any CPU
		{0ECCF105-6A39-4067-8BFF-CBA718BB9957}.AppStore|iPhoneSimulator.Build.0 = Release|Any CPU
		{0ECCF105-6A39-4067-8BFF-CBA718BB9957}.AppStore|iPhoneSimulator.Deploy.0 = Release|Any CPU
		{0ECCF105-6A39-4067-8BFF-CBA718BB9957}.Debug|Any CPU.ActiveCfg = Debug|Any CPU
		{0ECCF105-6A39-4067-8BFF-CBA718BB9957}.Debug|Any CPU.Build.0 = Debug|Any CPU
		{0ECCF105-6A39-4067-8BFF-CBA718BB9957}.Debug|Any CPU.Deploy.0 = Debug|Any CPU
		{0ECCF105-6A39-4067-8BFF-CBA718BB9957}.Debug|iPhone.ActiveCfg = Debug|Any CPU
		{0ECCF105-6A39-4067-8BFF-CBA718BB9957}.Debug|iPhone.Build.0 = Debug|Any CPU
		{0ECCF105-6A39-4067-8BFF-CBA718BB9957}.Debug|iPhone.Deploy.0 = Debug|Any CPU
		{0ECCF105-6A39-4067-8BFF-CBA718BB9957}.Debug|iPhoneSimulator.ActiveCfg = Debug|Any CPU
		{0ECCF105-6A39-4067-8BFF-CBA718BB9957}.Debug|iPhoneSimulator.Build.0 = Debug|Any CPU
		{0ECCF105-6A39-4067-8BFF-CBA718BB9957}.Debug|iPhoneSimulator.Deploy.0 = Debug|Any CPU
		{0ECCF105-6A39-4067-8BFF-CBA718BB9957}.Release|Any CPU.ActiveCfg = Release|Any CPU
		{0ECCF105-6A39-4067-8BFF-CBA718BB9957}.Release|Any CPU.Build.0 = Release|Any CPU
		{0ECCF105-6A39-4067-8BFF-CBA718BB9957}.Release|Any CPU.Deploy.0 = Release|Any CPU
		{0ECCF105-6A39-4067-8BFF-CBA718BB9957}.Release|iPhone.ActiveCfg = Release|Any CPU
		{0ECCF105-6A39-4067-8BFF-CBA718BB9957}.Release|iPhone.Build.0 = Release|Any CPU
		{0ECCF105-6A39-4067-8BFF-CBA718BB9957}.Release|iPhone.Deploy.0 = Release|Any CPU
		{0ECCF105-6A39-4067-8BFF-CBA718BB9957}.Release|iPhoneSimulator.ActiveCfg = Release|Any CPU
		{0ECCF105-6A39-4067-8BFF-CBA718BB9957}.Release|iPhoneSimulator.Build.0 = Release|Any CPU
		{0ECCF105-6A39-4067-8BFF-CBA718BB9957}.Release|iPhoneSimulator.Deploy.0 = Release|Any CPU
	EndGlobalSection
	GlobalSection(SolutionProperties) = preSolution
		HideSolutionNode = FALSE
	EndGlobalSection
	GlobalSection(NestedProjects) = preSolution
		{9EDD4ADD-1711-48A3-8DAC-1EF5E5799F05} = {5424513A-93F8-4E86-9E94-40B818382D64}
		{907DD288-B0E2-4B7D-95C9-E23695B285BA} = {69F26EC0-9598-4871-9327-94B16A8AC4DD}
		{F589CE52-5B4A-4AC0-BDF5-B5549C38A00D} = {69F26EC0-9598-4871-9327-94B16A8AC4DD}
		{0ECCF105-6A39-4067-8BFF-CBA718BB9957} = {69F26EC0-9598-4871-9327-94B16A8AC4DD}
	EndGlobalSection
EndGlobal
